
Microsoft Visual Studio Solution File, Format Version 12.00
# Visual Studio Version 17
VisualStudioVersion = 17.1.32319.34
MinimumVisualStudioVersion = 10.0.40219.1
Project("{8BC9CEB8-8B4A-11D0-8D11-00A0C91BC942}") = "aaaaaaaaaaaaaaaaa", "aaaaaaaaaaaaaaaaa.vcxproj", "{94921170-344F-4CCB-868A-7D868FB24BB9}"
EndProject
Global
	GlobalSection(SolutionConfigurationPlatforms) = preSolution
		Debug|x64 = Debug|x64
		Debug|x86 = Debug|x86
		Release|x64 = Release|x64
		Release|x86 = Release|x86
	EndGlobalSection
	GlobalSection(ProjectConfigurationPlatforms) = postSolution
		{94921170-344F-4CCB-868A-7D868FB24BB9}.Debug|x64.ActiveCfg = Debug|x64
		{94921170-344F-4CCB-868A-7D868FB24BB9}.Debug|x64.Build.0 = Debug|x64
		{94921170-344F-4CCB-868A-7D868FB24BB9}.Debug|x86.ActiveCfg = Debug|Win32
		{94921170-344F-4CCB-868A-7D868FB24BB9}.Debug|x86.Build.0 = Debug|Win32
		{94921170-344F-4CCB-868A-7D868FB24BB9}.Release|x64.ActiveCfg = Release|x64
		{94921170-344F-4CCB-868A-7D868FB24BB9}.Release|x64.Build.0 = Release|x64
		{94921170-344F-4CCB-868A-7D868FB24BB9}.Release|x86.ActiveCfg = Release|Win32
		{94921170-344F-4CCB-868A-7D868FB24BB9}.Release|x86.Build.0 = Release|Win32
	EndGlobalSection
	GlobalSection(SolutionProperties) = preSolution
		HideSolutionNode = FALSE
	EndGlobalSection
	GlobalSection(ExtensibilityGlobals) = postSolution
		SolutionGuid = {689797B2-69F0-4366-AD43-1808057A9062}
	EndGlobalSection
EndGlobal
